// !$*UTF8*$!
{
	archiveVersion = 1;
	classes = {
	};
	objectVersion = 50;
	objects = {

/* Begin PBXBuildFile section */
		1B76D9122292AC92006962A5 /* NSWindow+CanBecameKeyWindow.m in Sources */ = {isa = PBXBuildFile; fileRef = 1B76D9112292AC92006962A5 /* NSWindow+CanBecameKeyWindow.m */; };
		1B76D9342292C2FF006962A5 /* CoreSpotlight.framework in Frameworks */ = {isa = PBXBuildFile; fileRef = 1B76D9332292C2FF006962A5 /* CoreSpotlight.framework */; };
		1BD90F2E22929D910019A0A3 /* AppDelegate.m in Sources */ = {isa = PBXBuildFile; fileRef = 1BD90F2D22929D910019A0A3 /* AppDelegate.m */; };
		1BD90F3022929D940019A0A3 /* Assets.xcassets in Resources */ = {isa = PBXBuildFile; fileRef = 1BD90F2F22929D940019A0A3 /* Assets.xcassets */; };
		1BD90F3322929D940019A0A3 /* MainMenu.xib in Resources */ = {isa = PBXBuildFile; fileRef = 1BD90F3122929D940019A0A3 /* MainMenu.xib */; };
		1BD90F3622929D940019A0A3 /* main.m in Sources */ = {isa = PBXBuildFile; fileRef = 1BD90F3522929D940019A0A3 /* main.m */; };
/* End PBXBuildFile section */

/* Begin PBXFileReference section */
		1B76D9102292AC92006962A5 /* NSWindow+CanBecameKeyWindow.h */ = {isa = PBXFileReference; lastKnownFileType = sourcecode.c.h; path = "NSWindow+CanBecameKeyWindow.h"; sourceTree = "<group>"; };
		1B76D9112292AC92006962A5 /* NSWindow+CanBecameKeyWindow.m */ = {isa = PBXFileReference; lastKnownFileType = sourcecode.c.objc; path = "NSWindow+CanBecameKeyWindow.m"; sourceTree = "<group>"; };
		1B76D9332292C2FF006962A5 /* CoreSpotlight.framework */ = {isa = PBXFileReference; lastKnownFileType = wrapper.framework; name = CoreSpotlight.framework; path = System/Library/Frameworks/CoreSpotlight.framework; sourceTree = SDKROOT; };
		1B76D9352293E2B9006962A5 /* Definitions.h */ = {isa = PBXFileReference; lastKnownFileType = sourcecode.c.h; path = Definitions.h; sourceTree = "<group>"; };
		1BD90F2922929D910019A0A3 /* Searcher.app */ = {isa = PBXFileReference; explicitFileType = wrapper.application; includeInIndex = 0; path = Searcher.app; sourceTree = BUILT_PRODUCTS_DIR; };
		1BD90F2C22929D910019A0A3 /* AppDelegate.h */ = {isa = PBXFileReference; lastKnownFileType = sourcecode.c.h; path = AppDelegate.h; sourceTree = "<group>"; };
		1BD90F2D22929D910019A0A3 /* AppDelegate.m */ = {isa = PBXFileReference; lastKnownFileType = sourcecode.c.objc; path = AppDelegate.m; sourceTree = "<group>"; };
		1BD90F2F22929D940019A0A3 /* Assets.xcassets */ = {isa = PBXFileReference; lastKnownFileType = folder.assetcatalog; path = Assets.xcassets; sourceTree = "<group>"; };
		1BD90F3222929D940019A0A3 /* Base */ = {isa = PBXFileReference; lastKnownFileType = file.xib; name = Base; path = Base.lproj/MainMenu.xib; sourceTree = "<group>"; };
		1BD90F3422929D940019A0A3 /* Info.plist */ = {isa = PBXFileReference; lastKnownFileType = text.plist.xml; path = Info.plist; sourceTree = "<group>"; };
		1BD90F3522929D940019A0A3 /* main.m */ = {isa = PBXFileReference; lastKnownFileType = sourcecode.c.objc; path = main.m; sourceTree = "<group>"; };
		1BD90F3722929D940019A0A3 /* Searcher.entitlements */ = {isa = PBXFileReference; lastKnownFileType = text.plist.entitlements; path = Searcher.entitlements; sourceTree = "<group>"; };
		1BD90F3E22929F4D0019A0A3 /* BigIcon.png */ = {isa = PBXFileReference; lastKnownFileType = image.png; path = BigIcon.png; sourceTree = "<group>"; };
/* End PBXFileReference section */

/* Begin PBXFrameworksBuildPhase section */
		1BD90F2622929D910019A0A3 /* Frameworks */ = {
			isa = PBXFrameworksBuildPhase;
			buildActionMask = 2147483647;
			files = (
				1B76D9342292C2FF006962A5 /* CoreSpotlight.framework in Frameworks */,
			);
			runOnlyForDeploymentPostprocessing = 0;
		};
/* End PBXFrameworksBuildPhase section */

/* Begin PBXGroup section */
		1B76D9322292C2FE006962A5 /* Frameworks */ = {
			isa = PBXGroup;
			children = (
				1B76D9332292C2FF006962A5 /* CoreSpotlight.framework */,
			);
			name = Frameworks;
			sourceTree = "<group>";
		};
		1BD90F2022929D910019A0A3 = {
			isa = PBXGroup;
			children = (
				1BD90F3D22929F300019A0A3 /* Auxillary files */,
				1BD90F2B22929D910019A0A3 /* Searcher */,
				1BD90F2A22929D910019A0A3 /* Products */,
				1B76D9322292C2FE006962A5 /* Frameworks */,
			);
			sourceTree = "<group>";
		};
		1BD90F2A22929D910019A0A3 /* Products */ = {
			isa = PBXGroup;
			children = (
				1BD90F2922929D910019A0A3 /* Searcher.app */,
			);
			name = Products;
			sourceTree = "<group>";
		};
		1BD90F2B22929D910019A0A3 /* Searcher */ = {
			isa = PBXGroup;
			children = (
				1BD90F2C22929D910019A0A3 /* AppDelegate.h */,
				1BD90F2D22929D910019A0A3 /* AppDelegate.m */,
				1BD90F2F22929D940019A0A3 /* Assets.xcassets */,
				1BD90F3122929D940019A0A3 /* MainMenu.xib */,
				1BD90F3422929D940019A0A3 /* Info.plist */,
				1BD90F3522929D940019A0A3 /* main.m */,
				1BD90F3722929D940019A0A3 /* Searcher.entitlements */,
				1B76D9352293E2B9006962A5 /* Definitions.h */,
			);
			path = Searcher;
			sourceTree = "<group>";
		};
		1BD90F3D22929F300019A0A3 /* Auxillary files */ = {
			isa = PBXGroup;
			children = (
				1BD90F3E22929F4D0019A0A3 /* BigIcon.png */,
				1B76D9102292AC92006962A5 /* NSWindow+CanBecameKeyWindow.h */,
				1B76D9112292AC92006962A5 /* NSWindow+CanBecameKeyWindow.m */,
			);
			path = "Auxillary files";
			sourceTree = "<group>";
		};
/* End PBXGroup section */

/* Begin PBXNativeTarget section */
		1BD90F2822929D910019A0A3 /* Searcher */ = {
			isa = PBXNativeTarget;
			buildConfigurationList = 1BD90F3A22929D940019A0A3 /* Build configuration list for PBXNativeTarget "Searcher" */;
			buildPhases = (
				1BD90F2522929D910019A0A3 /* Sources */,
				1BD90F2622929D910019A0A3 /* Frameworks */,
				1BD90F2722929D910019A0A3 /* Resources */,
			);
			buildRules = (
			);
			dependencies = (
			);
			name = Searcher;
			productName = Searcher;
			productReference = 1BD90F2922929D910019A0A3 /* Searcher.app */;
			productType = "com.apple.product-type.application";
		};
/* End PBXNativeTarget section */

/* Begin PBXProject section */
		1BD90F2122929D910019A0A3 /* Project object */ = {
			isa = PBXProject;
			attributes = {
				LastUpgradeCheck = 1020;
				ORGANIZATIONNAME = "Geomatix Laboratory S.R.O.";
				TargetAttributes = {
					1BD90F2822929D910019A0A3 = {
						CreatedOnToolsVersion = 10.2.1;
						SystemCapabilities = {
							com.apple.Sandbox = {
								enabled = 0;
							};
						};
					};
				};
			};
			buildConfigurationList = 1BD90F2422929D910019A0A3 /* Build configuration list for PBXProject "Searcher" */;
			compatibilityVersion = "Xcode 9.3";
			developmentRegion = en;
			hasScannedForEncodings = 0;
			knownRegions = (
				en,
				Base,
			);
			mainGroup = 1BD90F2022929D910019A0A3;
			productRefGroup = 1BD90F2A22929D910019A0A3 /* Products */;
			projectDirPath = "";
			projectRoot = "";
			targets = (
				1BD90F2822929D910019A0A3 /* Searcher */,
			);
		};
/* End PBXProject section */

/* Begin PBXResourcesBuildPhase section */
		1BD90F2722929D910019A0A3 /* Resources */ = {
			isa = PBXResourcesBuildPhase;
			buildActionMask = 2147483647;
			files = (
				1BD90F3022929D940019A0A3 /* Assets.xcassets in Resources */,
				1BD90F3322929D940019A0A3 /* MainMenu.xib in Resources */,
			);
			runOnlyForDeploymentPostprocessing = 0;
		};
/* End PBXResourcesBuildPhase section */

/* Begin PBXSourcesBuildPhase section */
		1BD90F2522929D910019A0A3 /* Sources */ = {
			isa = PBXSourcesBuildPhase;
			buildActionMask = 2147483647;
			files = (
				1B76D9122292AC92006962A5 /* NSWindow+CanBecameKeyWindow.m in Sources */,
				1BD90F3622929D940019A0A3 /* main.m in Sources */,
				1BD90F2E22929D910019A0A3 /* AppDelegate.m in Sources */,
			);
			runOnlyForDeploymentPostprocessing = 0;
		};
/* End PBXSourcesBuildPhase section */

/* Begin PBXVariantGroup section */
		1BD90F3122929D940019A0A3 /* MainMenu.xib */ = {
			isa = PBXVariantGroup;
			children = (
				1BD90F3222929D940019A0A3 /* Base */,
			);
			name = MainMenu.xib;
			sourceTree = "<group>";
		};
/* End PBXVariantGroup section */

/* Begin XCBuildConfiguration section */
		1BD90F3822929D940019A0A3 /* Debug */ = {
			isa = XCBuildConfiguration;
			buildSettings = {
				ALWAYS_SEARCH_USER_PATHS = NO;
				CLANG_ANALYZER_NONNULL = YES;
				CLANG_ANALYZER_NUMBER_OBJECT_CONVERSION = YES_AGGRESSIVE;
				CLANG_CXX_LANGUAGE_STANDARD = "gnu++14";
				CLANG_CXX_LIBRARY = "libc++";
				CLANG_ENABLE_MODULES = YES;
				CLANG_ENABLE_OBJC_ARC = YES;
				CLANG_ENABLE_OBJC_WEAK = YES;
				CLANG_WARN_BLOCK_CAPTURE_AUTORELEASING = YES;
				CLANG_WARN_BOOL_CONVERSION = YES;
				CLANG_WARN_COMMA = YES;
				CLANG_WARN_CONSTANT_CONVERSION = YES;
				CLANG_WARN_DEPRECATED_OBJC_IMPLEMENTATIONS = YES;
				CLANG_WARN_DIRECT_OBJC_ISA_USAGE = YES_ERROR;
				CLANG_WARN_DOCUMENTATION_COMMENTS = YES;
				CLANG_WARN_EMPTY_BODY = YES;
				CLANG_WARN_ENUM_CONVERSION = YES;
				CLANG_WARN_INFINITE_RECURSION = YES;
				CLANG_WARN_INT_CONVERSION = YES;
				CLANG_WARN_NON_LITERAL_NULL_CONVERSION = YES;
				CLANG_WARN_OBJC_IMPLICIT_RETAIN_SELF = YES;
				CLANG_WARN_OBJC_LITERAL_CONVERSION = YES;
				CLANG_WARN_OBJC_ROOT_CLASS = YES_ERROR;
				CLANG_WARN_RANGE_LOOP_ANALYSIS = YES;
				CLANG_WARN_STRICT_PROTOTYPES = YES;
				CLANG_WARN_SUSPICIOUS_MOVE = YES;
				CLANG_WARN_UNGUARDED_AVAILABILITY = YES_AGGRESSIVE;
				CLANG_WARN_UNREACHABLE_CODE = YES;
				CLANG_WARN__DUPLICATE_METHOD_MATCH = YES;
				CODE_SIGN_IDENTITY = "Mac Developer";
				COPY_PHASE_STRIP = NO;
				DEBUG_INFORMATION_FORMAT = dwarf;
				ENABLE_STRICT_OBJC_MSGSEND = YES;
				ENABLE_TESTABILITY = YES;
				GCC_C_LANGUAGE_STANDARD = gnu11;
				GCC_DYNAMIC_NO_PIC = NO;
				GCC_NO_COMMON_BLOCKS = YES;
				GCC_OPTIMIZATION_LEVEL = 0;
				GCC_PREPROCESSOR_DEFINITIONS = (
					"DEBUG=1",
					"$(inherited)",
				);
				GCC_WARN_64_TO_32_BIT_CONVERSION = YES;
				GCC_WARN_ABOUT_RETURN_TYPE = YES_ERROR;
				GCC_WARN_UNDECLARED_SELECTOR = YES;
				GCC_WARN_UNINITIALIZED_AUTOS = YES_AGGRESSIVE;
				GCC_WARN_UNUSED_FUNCTION = YES;
				GCC_WARN_UNUSED_VARIABLE = YES;
				MACOSX_DEPLOYMENT_TARGET = 10.14;
				MTL_ENABLE_DEBUG_INFO = INCLUDE_SOURCE;
				MTL_FAST_MATH = YES;
				ONLY_ACTIVE_ARCH = YES;
				SDKROOT = macosx;
			};
			name = Debug;
		};
		1BD90F3922929D940019A0A3 /* Release */ = {
			isa = XCBuildConfiguration;
			buildSettings = {
				ALWAYS_SEARCH_USER_PATHS = NO;
				CLANG_ANALYZER_NONNULL = YES;
				CLANG_ANALYZER_NUMBER_OBJECT_CONVERSION = YES_AGGRESSIVE;
				CLANG_CXX_LANGUAGE_STANDARD = "gnu++14";
				CLANG_CXX_LIBRARY = "libc++";
				CLANG_ENABLE_MODULES = YES;
				CLANG_ENABLE_OBJC_ARC = YES;
				CLANG_ENABLE_OBJC_WEAK = YES;
				CLANG_WARN_BLOCK_CAPTURE_AUTORELEASING = YES;
				CLANG_WARN_BOOL_CONVERSION = YES;
				CLANG_WARN_COMMA = YES;
				CLANG_WARN_CONSTANT_CONVERSION = YES;
				CLANG_WARN_DEPRECATED_OBJC_IMPLEMENTATIONS = YES;
				CLANG_WARN_DIRECT_OBJC_ISA_USAGE = YES_ERROR;
				CLANG_WARN_DOCUMENTATION_COMMENTS = YES;
				CLANG_WARN_EMPTY_BODY = YES;
				CLANG_WARN_ENUM_CONVERSION = YES;
				CLANG_WARN_INFINITE_RECURSION = YES;
				CLANG_WARN_INT_CONVERSION = YES;
				CLANG_WARN_NON_LITERAL_NULL_CONVERSION = YES;
				CLANG_WARN_OBJC_IMPLICIT_RETAIN_SELF = YES;
				CLANG_WARN_OBJC_LITERAL_CONVERSION = YES;
				CLANG_WARN_OBJC_ROOT_CLASS = YES_ERROR;
				CLANG_WARN_RANGE_LOOP_ANALYSIS = YES;
				CLANG_WARN_STRICT_PROTOTYPES = YES;
				CLANG_WARN_SUSPICIOUS_MOVE = YES;
				CLANG_WARN_UNGUARDED_AVAILABILITY = YES_AGGRESSIVE;
				CLANG_WARN_UNREACHABLE_CODE = YES;
				CLANG_WARN__DUPLICATE_METHOD_MATCH = YES;
				CODE_SIGN_IDENTITY = "Mac Developer";
				COPY_PHASE_STRIP = NO;
				DEBUG_INFORMATION_FORMAT = "dwarf-with-dsym";
				ENABLE_NS_ASSERTIONS = NO;
				ENABLE_STRICT_OBJC_MSGSEND = YES;
				GCC_C_LANGUAGE_STANDARD = gnu11;
				GCC_NO_COMMON_BLOCKS = YES;
				GCC_WARN_64_TO_32_BIT_CONVERSION = YES;
				GCC_WARN_ABOUT_RETURN_TYPE = YES_ERROR;
				GCC_WARN_UNDECLARED_SELECTOR = YES;
				GCC_WARN_UNINITIALIZED_AUTOS = YES_AGGRESSIVE;
				GCC_WARN_UNUSED_FUNCTION = YES;
				GCC_WARN_UNUSED_VARIABLE = YES;
				MACOSX_DEPLOYMENT_TARGET = 10.14;
				MTL_ENABLE_DEBUG_INFO = NO;
				MTL_FAST_MATH = YES;
				SDKROOT = macosx;
			};
			name = Release;
		};
		1BD90F3B22929D940019A0A3 /* Debug */ = {
			isa = XCBuildConfiguration;
			buildSettings = {
				ASSETCATALOG_COMPILER_APPICON_NAME = AppIcon;
				CODE_SIGN_STYLE = Automatic;
				COMBINE_HIDPI_IMAGES = YES;
				DEVELOPMENT_TEAM = UKBNTL7HA9;
				INFOPLIST_FILE = Searcher/Info.plist;
				LD_RUNPATH_SEARCH_PATHS = (
					"$(inherited)",
					"@executable_path/../Frameworks",
				);
				PRODUCT_BUNDLE_IDENTIFIER = geomatix.cz..Searcher;
				PRODUCT_NAME = "$(TARGET_NAME)";
			};
			name = Debug;
		};
		1BD90F3C22929D940019A0A3 /* Release */ = {
			isa = XCBuildConfiguration;
			buildSettings = {
				ASSETCATALOG_COMPILER_APPICON_NAME = AppIcon;
				CODE_SIGN_STYLE = Automatic;
				COMBINE_HIDPI_IMAGES = YES;
				DEVELOPMENT_TEAM = UKBNTL7HA9;
				INFOPLIST_FILE = Searcher/Info.plist;
				LD_RUNPATH_SEARCH_PATHS = (
					"$(inherited)",
					"@executable_path/../Frameworks",
				);
				PRODUCT_BUNDLE_IDENTIFIER = geomatix.cz..Searcher;
				PRODUCT_NAME = "$(TARGET_NAME)";
			};
			name = Release;
		};
/* End XCBuildConfiguration section */

/* Begin XCConfigurationList section */
		1BD90F2422929D910019A0A3 /* Build configuration list for PBXProject "Searcher" */ = {
			isa = XCConfigurationList;
			buildConfigurations = (
				1BD90F3822929D940019A0A3 /* Debug */,
				1BD90F3922929D940019A0A3 /* Release */,
			);
			defaultConfigurationIsVisible = 0;
			defaultConfigurationName = Release;
		};
		1BD90F3A22929D940019A0A3 /* Build configuration list for PBXNativeTarget "Searcher" */ = {
			isa = XCConfigurationList;
			buildConfigurations = (
				1BD90F3B22929D940019A0A3 /* Debug */,
				1BD90F3C22929D940019A0A3 /* Release */,
			);
			defaultConfigurationIsVisible = 0;
			defaultConfigurationName = Release;
		};
/* End XCConfigurationList section */
	};
	rootObject = 1BD90F2122929D910019A0A3 /* Project object */;
}
